
Microsoft Visual Studio Solution File, Format Version 12.00
# Visual Studio 15
VisualStudioVersion = 15.0.26730.12
MinimumVisualStudioVersion = 10.0.40219.1
Project("{FAE04EC0-301F-11D3-BF4B-00C04F79EFBC}") = "FooballApp", "FooballApp\FooballApp.csproj", "{34C0894C-B9DB-4E8C-B1A1-87A865AAD97A}"
EndProject
Global
	GlobalSection(SolutionConfigurationPlatforms) = preSolution
		Debug|Any CPU = Debug|Any CPU
		Release|Any CPU = Release|Any CPU
	EndGlobalSection
	GlobalSection(ProjectConfigurationPlatforms) = postSolution
		{34C0894C-B9DB-4E8C-B1A1-87A865AAD97A}.Debug|Any CPU.ActiveCfg = Debug|Any CPU
		{34C0894C-B9DB-4E8C-B1A1-87A865AAD97A}.Debug|Any CPU.Build.0 = Debug|Any CPU
		{34C0894C-B9DB-4E8C-B1A1-87A865AAD97A}.Debug|Any CPU.Deploy.0 = Debug|Any CPU
		{34C0894C-B9DB-4E8C-B1A1-87A865AAD97A}.Release|Any CPU.ActiveCfg = Release|Any CPU
		{34C0894C-B9DB-4E8C-B1A1-87A865AAD97A}.Release|Any CPU.Build.0 = Release|Any CPU
		{34C0894C-B9DB-4E8C-B1A1-87A865AAD97A}.Release|Any CPU.Deploy.0 = Release|Any CPU
	EndGlobalSection
	GlobalSection(SolutionProperties) = preSolution
		HideSolutionNode = FALSE
	EndGlobalSection
	GlobalSection(ExtensibilityGlobals) = postSolution
		SolutionGuid = {6337D525-EF06-466E-9392-93F7F5B6D8FE}
	EndGlobalSection
EndGlobal
